
Microsoft Visual Studio Solution File, Format Version 12.00
# Visual Studio 15
VisualStudioVersion = 15.0.28307.168
MinimumVisualStudioVersion = 10.0.40219.1
Project("{FAE04EC0-301F-11D3-BF4B-00C04F79EFBC}") = "Manta.Web", "Manta.Web\Manta.Web.csproj", "{373DDB46-46BC-477B-B69E-DA4BEE634ACC}"
EndProject
Global
	GlobalSection(SolutionConfigurationPlatforms) = preSolution
		Debug|Any CPU = Debug|Any CPU
		Release|Any CPU = Release|Any CPU
	EndGlobalSection
	GlobalSection(ProjectConfigurationPlatforms) = postSolution
		{373DDB46-46BC-477B-B69E-DA4BEE634ACC}.Debug|Any CPU.ActiveCfg = Debug|Any CPU
		{373DDB46-46BC-477B-B69E-DA4BEE634ACC}.Debug|Any CPU.Build.0 = Debug|Any CPU
		{373DDB46-46BC-477B-B69E-DA4BEE634ACC}.Release|Any CPU.ActiveCfg = Release|Any CPU
		{373DDB46-46BC-477B-B69E-DA4BEE634ACC}.Release|Any CPU.Build.0 = Release|Any CPU
	EndGlobalSection
	GlobalSection(SolutionProperties) = preSolution
		HideSolutionNode = FALSE
	EndGlobalSection
	GlobalSection(ExtensibilityGlobals) = postSolution
		SolutionGuid = {9D90A280-F473-4121-BDD9-AE9A2596B01D}
	EndGlobalSection
EndGlobal
